// !$*UTF8*$!
{
	archiveVersion = 1;
	classes = {
	};
	objectVersion = 46;
	objects = {

/* Begin PBXBuildFile section */
		2B5642281D785BBC0020E77E /* AnimationDemoController.m in Sources */ = {isa = PBXBuildFile; fileRef = 2B5642271D785BBC0020E77E /* AnimationDemoController.m */; };
		2B56422C1D785C730020E77E /* BookMarkView.m in Sources */ = {isa = PBXBuildFile; fileRef = 2B56422B1D785C730020E77E /* BookMarkView.m */; };
		2B5642301D785C8A0020E77E /* BookMarkController.m in Sources */ = {isa = PBXBuildFile; fileRef = 2B56422E1D785C8A0020E77E /* BookMarkController.m */; };
		2B5642311D785C8A0020E77E /* BookMarkController.xib in Resources */ = {isa = PBXBuildFile; fileRef = 2B56422F1D785C8A0020E77E /* BookMarkController.xib */; };
		2B5642361D78690F0020E77E /* CheckViewController.m in Sources */ = {isa = PBXBuildFile; fileRef = 2B5642341D78690F0020E77E /* CheckViewController.m */; };
		2B5642371D78690F0020E77E /* CheckViewController.xib in Resources */ = {isa = PBXBuildFile; fileRef = 2B5642351D78690F0020E77E /* CheckViewController.xib */; };
		2B56423A1D78691C0020E77E /* CheckView.m in Sources */ = {isa = PBXBuildFile; fileRef = 2B5642391D78691C0020E77E /* CheckView.m */; };
		2B56423D1D786E970020E77E /* CheckSwitch.m in Sources */ = {isa = PBXBuildFile; fileRef = 2B56423C1D786E970020E77E /* CheckSwitch.m */; };
		2B5C0D181D6C820C00278761 /* main.m in Sources */ = {isa = PBXBuildFile; fileRef = 2B5C0D171D6C820C00278761 /* main.m */; };
		2B5C0D1B1D6C820C00278761 /* AppDelegate.m in Sources */ = {isa = PBXBuildFile; fileRef = 2B5C0D1A1D6C820C00278761 /* AppDelegate.m */; };
		2B5C0D1E1D6C820C00278761 /* ViewController.m in Sources */ = {isa = PBXBuildFile; fileRef = 2B5C0D1D1D6C820C00278761 /* ViewController.m */; };
		2B5C0D211D6C820C00278761 /* Main.storyboard in Resources */ = {isa = PBXBuildFile; fileRef = 2B5C0D1F1D6C820C00278761 /* Main.storyboard */; };
		2B5C0D231D6C820C00278761 /* Assets.xcassets in Resources */ = {isa = PBXBuildFile; fileRef = 2B5C0D221D6C820C00278761 /* Assets.xcassets */; };
		2B5C0D261D6C820C00278761 /* LaunchScreen.storyboard in Resources */ = {isa = PBXBuildFile; fileRef = 2B5C0D241D6C820C00278761 /* LaunchScreen.storyboard */; };
		2B5C0D3B1D6D89B700278761 /* QCMethod.m in Sources */ = {isa = PBXBuildFile; fileRef = 2B5C0D391D6D89B700278761 /* QCMethod.m */; };
/* End PBXBuildFile section */

/* Begin PBXFileReference section */
		2B5642261D785BBC0020E77E /* AnimationDemoController.h */ = {isa = PBXFileReference; fileEncoding = 4; lastKnownFileType = sourcecode.c.h; path = AnimationDemoController.h; sourceTree = "<group>"; };
		2B5642271D785BBC0020E77E /* AnimationDemoController.m */ = {isa = PBXFileReference; fileEncoding = 4; lastKnownFileType = sourcecode.c.objc; path = AnimationDemoController.m; sourceTree = "<group>"; };
		2B56422A1D785C730020E77E /* BookMarkView.h */ = {isa = PBXFileReference; fileEncoding = 4; lastKnownFileType = sourcecode.c.h; path = BookMarkView.h; sourceTree = "<group>"; };
		2B56422B1D785C730020E77E /* BookMarkView.m */ = {isa = PBXFileReference; fileEncoding = 4; lastKnownFileType = sourcecode.c.objc; path = BookMarkView.m; sourceTree = "<group>"; };
		2B56422D1D785C8A0020E77E /* BookMarkController.h */ = {isa = PBXFileReference; fileEncoding = 4; lastKnownFileType = sourcecode.c.h; path = BookMarkController.h; sourceTree = "<group>"; };
		2B56422E1D785C8A0020E77E /* BookMarkController.m */ = {isa = PBXFileReference; fileEncoding = 4; lastKnownFileType = sourcecode.c.objc; path = BookMarkController.m; sourceTree = "<group>"; };
		2B56422F1D785C8A0020E77E /* BookMarkController.xib */ = {isa = PBXFileReference; fileEncoding = 4; lastKnownFileType = file.xib; path = BookMarkController.xib; sourceTree = "<group>"; };
		2B5642331D78690F0020E77E /* CheckViewController.h */ = {isa = PBXFileReference; fileEncoding = 4; lastKnownFileType = sourcecode.c.h; path = CheckViewController.h; sourceTree = "<group>"; };
		2B5642341D78690F0020E77E /* CheckViewController.m */ = {isa = PBXFileReference; fileEncoding = 4; lastKnownFileType = sourcecode.c.objc; path = CheckViewController.m; sourceTree = "<group>"; };
		2B5642351D78690F0020E77E /* CheckViewController.xib */ = {isa = PBXFileReference; fileEncoding = 4; lastKnownFileType = file.xib; path = CheckViewController.xib; sourceTree = "<group>"; };
		2B5642381D78691C0020E77E /* CheckView.h */ = {isa = PBXFileReference; fileEncoding = 4; lastKnownFileType = sourcecode.c.h; path = CheckView.h; sourceTree = "<group>"; };
		2B5642391D78691C0020E77E /* CheckView.m */ = {isa = PBXFileReference; fileEncoding = 4; lastKnownFileType = sourcecode.c.objc; path = CheckView.m; sourceTree = "<group>"; };
		2B56423B1D786E970020E77E /* CheckSwitch.h */ = {isa = PBXFileReference; fileEncoding = 4; lastKnownFileType = sourcecode.c.h; path = CheckSwitch.h; sourceTree = "<group>"; };
		2B56423C1D786E970020E77E /* CheckSwitch.m */ = {isa = PBXFileReference; fileEncoding = 4; lastKnownFileType = sourcecode.c.objc; path = CheckSwitch.m; sourceTree = "<group>"; };
		2B5C0D131D6C820C00278761 /* AnimationMaker.app */ = {isa = PBXFileReference; explicitFileType = wrapper.application; includeInIndex = 0; path = AnimationMaker.app; sourceTree = BUILT_PRODUCTS_DIR; };
		2B5C0D171D6C820C00278761 /* main.m */ = {isa = PBXFileReference; lastKnownFileType = sourcecode.c.objc; path = main.m; sourceTree = "<group>"; };
		2B5C0D191D6C820C00278761 /* AppDelegate.h */ = {isa = PBXFileReference; lastKnownFileType = sourcecode.c.h; path = AppDelegate.h; sourceTree = "<group>"; };
		2B5C0D1A1D6C820C00278761 /* AppDelegate.m */ = {isa = PBXFileReference; lastKnownFileType = sourcecode.c.objc; path = AppDelegate.m; sourceTree = "<group>"; };
		2B5C0D1C1D6C820C00278761 /* ViewController.h */ = {isa = PBXFileReference; lastKnownFileType = sourcecode.c.h; path = ViewController.h; sourceTree = "<group>"; };
		2B5C0D1D1D6C820C00278761 /* ViewController.m */ = {isa = PBXFileReference; lastKnownFileType = sourcecode.c.objc; path = ViewController.m; sourceTree = "<group>"; };
		2B5C0D201D6C820C00278761 /* Base */ = {isa = PBXFileReference; lastKnownFileType = file.storyboard; name = Base; path = Base.lproj/Main.storyboard; sourceTree = "<group>"; };
		2B5C0D221D6C820C00278761 /* Assets.xcassets */ = {isa = PBXFileReference; lastKnownFileType = folder.assetcatalog; path = Assets.xcassets; sourceTree = "<group>"; };
		2B5C0D251D6C820C00278761 /* Base */ = {isa = PBXFileReference; lastKnownFileType = file.storyboard; name = Base; path = Base.lproj/LaunchScreen.storyboard; sourceTree = "<group>"; };
		2B5C0D271D6C820C00278761 /* Info.plist */ = {isa = PBXFileReference; lastKnownFileType = text.plist.xml; path = Info.plist; sourceTree = "<group>"; };
		2B5C0D381D6D89B700278761 /* QCMethod.h */ = {isa = PBXFileReference; fileEncoding = 4; lastKnownFileType = sourcecode.c.h; path = QCMethod.h; sourceTree = "<group>"; };
		2B5C0D391D6D89B700278761 /* QCMethod.m */ = {isa = PBXFileReference; fileEncoding = 4; lastKnownFileType = sourcecode.c.objc; path = QCMethod.m; sourceTree = "<group>"; };
/* End PBXFileReference section */

/* Begin PBXFrameworksBuildPhase section */
		2B5C0D101D6C820C00278761 /* Frameworks */ = {
			isa = PBXFrameworksBuildPhase;
			buildActionMask = 2147483647;
			files = (
			);
			runOnlyForDeploymentPostprocessing = 0;
		};
/* End PBXFrameworksBuildPhase section */

/* Begin PBXGroup section */
		2B5642291D785C5A0020E77E /* BookMark */ = {
			isa = PBXGroup;
			children = (
				2B56422A1D785C730020E77E /* BookMarkView.h */,
				2B56422B1D785C730020E77E /* BookMarkView.m */,
				2B56422D1D785C8A0020E77E /* BookMarkController.h */,
				2B56422E1D785C8A0020E77E /* BookMarkController.m */,
				2B56422F1D785C8A0020E77E /* BookMarkController.xib */,
			);
			path = BookMark;
			sourceTree = "<group>";
		};
		2B5642321D7868BA0020E77E /* CheckView */ = {
			isa = PBXGroup;
			children = (
				2B5642381D78691C0020E77E /* CheckView.h */,
				2B5642391D78691C0020E77E /* CheckView.m */,
				2B56423B1D786E970020E77E /* CheckSwitch.h */,
				2B56423C1D786E970020E77E /* CheckSwitch.m */,
				2B5642331D78690F0020E77E /* CheckViewController.h */,
				2B5642341D78690F0020E77E /* CheckViewController.m */,
				2B5642351D78690F0020E77E /* CheckViewController.xib */,
			);
			path = CheckView;
			sourceTree = "<group>";
		};
		2B5C0D0A1D6C820C00278761 = {
			isa = PBXGroup;
			children = (
				2B5C0D151D6C820C00278761 /* AnimationMaker */,
				2B5C0D141D6C820C00278761 /* Products */,
			);
			sourceTree = "<group>";
		};
		2B5C0D141D6C820C00278761 /* Products */ = {
			isa = PBXGroup;
			children = (
				2B5C0D131D6C820C00278761 /* AnimationMaker.app */,
			);
			name = Products;
			sourceTree = "<group>";
		};
		2B5C0D151D6C820C00278761 /* AnimationMaker */ = {
			isa = PBXGroup;
			children = (
				2B5C0D161D6C820C00278761 /* Supporting Files */,
				2B5642291D785C5A0020E77E /* BookMark */,
				2B5642321D7868BA0020E77E /* CheckView */,
				2B5642261D785BBC0020E77E /* AnimationDemoController.h */,
				2B5642271D785BBC0020E77E /* AnimationDemoController.m */,
			);
			path = AnimationMaker;
			sourceTree = "<group>";
		};
		2B5C0D161D6C820C00278761 /* Supporting Files */ = {
			isa = PBXGroup;
			children = (
				2B5C0D191D6C820C00278761 /* AppDelegate.h */,
				2B5C0D1A1D6C820C00278761 /* AppDelegate.m */,
				2B5C0D1C1D6C820C00278761 /* ViewController.h */,
				2B5C0D1D1D6C820C00278761 /* ViewController.m */,
				2B5C0D381D6D89B700278761 /* QCMethod.h */,
				2B5C0D391D6D89B700278761 /* QCMethod.m */,
				2B5C0D1F1D6C820C00278761 /* Main.storyboard */,
				2B5C0D241D6C820C00278761 /* LaunchScreen.storyboard */,
				2B5C0D271D6C820C00278761 /* Info.plist */,
				2B5C0D221D6C820C00278761 /* Assets.xcassets */,
				2B5C0D171D6C820C00278761 /* main.m */,
			);
			name = "Supporting Files";
			sourceTree = "<group>";
		};
/* End PBXGroup section */

/* Begin PBXNativeTarget section */
		2B5C0D121D6C820C00278761 /* AnimationMaker */ = {
			isa = PBXNativeTarget;
			buildConfigurationList = 2B5C0D2A1D6C820C00278761 /* Build configuration list for PBXNativeTarget "AnimationMaker" */;
			buildPhases = (
				2B5C0D0F1D6C820C00278761 /* Sources */,
				2B5C0D101D6C820C00278761 /* Frameworks */,
				2B5C0D111D6C820C00278761 /* Resources */,
			);
			buildRules = (
			);
			dependencies = (
			);
			name = AnimationMaker;
			productName = AnimationMaker;
			productReference = 2B5C0D131D6C820C00278761 /* AnimationMaker.app */;
			productType = "com.apple.product-type.application";
		};
/* End PBXNativeTarget section */

/* Begin PBXProject section */
		2B5C0D0B1D6C820C00278761 /* Project object */ = {
			isa = PBXProject;
			attributes = {
				LastUpgradeCheck = 0730;
				ORGANIZATIONNAME = DevinShine;
				TargetAttributes = {
					2B5C0D121D6C820C00278761 = {
						CreatedOnToolsVersion = 7.3;
						DevelopmentTeam = DQYAM3GKBQ;
					};
				};
			};
			buildConfigurationList = 2B5C0D0E1D6C820C00278761 /* Build configuration list for PBXProject "AnimationMaker" */;
			compatibilityVersion = "Xcode 3.2";
			developmentRegion = English;
			hasScannedForEncodings = 0;
			knownRegions = (
				en,
				Base,
			);
			mainGroup = 2B5C0D0A1D6C820C00278761;
			productRefGroup = 2B5C0D141D6C820C00278761 /* Products */;
			projectDirPath = "";
			projectRoot = "";
			targets = (
				2B5C0D121D6C820C00278761 /* AnimationMaker */,
			);
		};
/* End PBXProject section */

/* Begin PBXResourcesBuildPhase section */
		2B5C0D111D6C820C00278761 /* Resources */ = {
			isa = PBXResourcesBuildPhase;
			buildActionMask = 2147483647;
			files = (
				2B5C0D261D6C820C00278761 /* LaunchScreen.storyboard in Resources */,
				2B5642371D78690F0020E77E /* CheckViewController.xib in Resources */,
				2B5642311D785C8A0020E77E /* BookMarkController.xib in Resources */,
				2B5C0D231D6C820C00278761 /* Assets.xcassets in Resources */,
				2B5C0D211D6C820C00278761 /* Main.storyboard in Resources */,
			);
			runOnlyForDeploymentPostprocessing = 0;
		};
/* End PBXResourcesBuildPhase section */

/* Begin PBXSourcesBuildPhase section */
		2B5C0D0F1D6C820C00278761 /* Sources */ = {
			isa = PBXSourcesBuildPhase;
			buildActionMask = 2147483647;
			files = (
				2B56423D1D786E970020E77E /* CheckSwitch.m in Sources */,
				2B5C0D1E1D6C820C00278761 /* ViewController.m in Sources */,
				2B5642301D785C8A0020E77E /* BookMarkController.m in Sources */,
				2B5C0D3B1D6D89B700278761 /* QCMethod.m in Sources */,
				2B56422C1D785C730020E77E /* BookMarkView.m in Sources */,
				2B5C0D1B1D6C820C00278761 /* AppDelegate.m in Sources */,
				2B5642361D78690F0020E77E /* CheckViewController.m in Sources */,
				2B5C0D181D6C820C00278761 /* main.m in Sources */,
				2B5642281D785BBC0020E77E /* AnimationDemoController.m in Sources */,
				2B56423A1D78691C0020E77E /* CheckView.m in Sources */,
			);
			runOnlyForDeploymentPostprocessing = 0;
		};
/* End PBXSourcesBuildPhase section */

/* Begin PBXVariantGroup section */
		2B5C0D1F1D6C820C00278761 /* Main.storyboard */ = {
			isa = PBXVariantGroup;
			children = (
				2B5C0D201D6C820C00278761 /* Base */,
			);
			name = Main.storyboard;
			sourceTree = "<group>";
		};
		2B5C0D241D6C820C00278761 /* LaunchScreen.storyboard */ = {
			isa = PBXVariantGroup;
			children = (
				2B5C0D251D6C820C00278761 /* Base */,
			);
			name = LaunchScreen.storyboard;
			sourceTree = "<group>";
		};
/* End PBXVariantGroup section */

/* Begin XCBuildConfiguration section */
		2B5C0D281D6C820C00278761 /* Debug */ = {
			isa = XCBuildConfiguration;
			buildSettings = {
				ALWAYS_SEARCH_USER_PATHS = NO;
				CLANG_ANALYZER_NONNULL = YES;
				CLANG_CXX_LANGUAGE_STANDARD = "gnu++0x";
				CLANG_CXX_LIBRARY = "libc++";
				CLANG_ENABLE_MODULES = YES;
				CLANG_ENABLE_OBJC_ARC = YES;
				CLANG_WARN_BOOL_CONVERSION = YES;
				CLANG_WARN_CONSTANT_CONVERSION = YES;
				CLANG_WARN_DIRECT_OBJC_ISA_USAGE = YES_ERROR;
				CLANG_WARN_EMPTY_BODY = YES;
				CLANG_WARN_ENUM_CONVERSION = YES;
				CLANG_WARN_INT_CONVERSION = YES;
				CLANG_WARN_OBJC_ROOT_CLASS = YES_ERROR;
				CLANG_WARN_UNREACHABLE_CODE = YES;
				CLANG_WARN__DUPLICATE_METHOD_MATCH = YES;
				"CODE_SIGN_IDENTITY[sdk=iphoneos*]" = "iPhone Developer";
				COPY_PHASE_STRIP = NO;
				DEBUG_INFORMATION_FORMAT = dwarf;
				ENABLE_STRICT_OBJC_MSGSEND = YES;
				ENABLE_TESTABILITY = YES;
				GCC_C_LANGUAGE_STANDARD = gnu99;
				GCC_DYNAMIC_NO_PIC = NO;
				GCC_NO_COMMON_BLOCKS = YES;
				GCC_OPTIMIZATION_LEVEL = 0;
				GCC_PREPROCESSOR_DEFINITIONS = (
					"DEBUG=1",
					"$(inherited)",
				);
				GCC_WARN_64_TO_32_BIT_CONVERSION = YES;
				GCC_WARN_ABOUT_RETURN_TYPE = YES_ERROR;
				GCC_WARN_UNDECLARED_SELECTOR = YES;
				GCC_WARN_UNINITIALIZED_AUTOS = YES_AGGRESSIVE;
				GCC_WARN_UNUSED_FUNCTION = YES;
				GCC_WARN_UNUSED_VARIABLE = YES;
				IPHONEOS_DEPLOYMENT_TARGET = 9.3;
				MTL_ENABLE_DEBUG_INFO = YES;
				ONLY_ACTIVE_ARCH = YES;
				SDKROOT = iphoneos;
			};
			name = Debug;
		};
		2B5C0D291D6C820C00278761 /* Release */ = {
			isa = XCBuildConfiguration;
			buildSettings = {
				ALWAYS_SEARCH_USER_PATHS = NO;
				CLANG_ANALYZER_NONNULL = YES;
				CLANG_CXX_LANGUAGE_STANDARD = "gnu++0x";
				CLANG_CXX_LIBRARY = "libc++";
				CLANG_ENABLE_MODULES = YES;
				CLANG_ENABLE_OBJC_ARC = YES;
				CLANG_WARN_BOOL_CONVERSION = YES;
				CLANG_WARN_CONSTANT_CONVERSION = YES;
				CLANG_WARN_DIRECT_OBJC_ISA_USAGE = YES_ERROR;
				CLANG_WARN_EMPTY_BODY = YES;
				CLANG_WARN_ENUM_CONVERSION = YES;
				CLANG_WARN_INT_CONVERSION = YES;
				CLANG_WARN_OBJC_ROOT_CLASS = YES_ERROR;
				CLANG_WARN_UNREACHABLE_CODE = YES;
				CLANG_WARN__DUPLICATE_METHOD_MATCH = YES;
				"CODE_SIGN_IDENTITY[sdk=iphoneos*]" = "iPhone Developer";
				COPY_PHASE_STRIP = NO;
				DEBUG_INFORMATION_FORMAT = "dwarf-with-dsym";
				ENABLE_NS_ASSERTIONS = NO;
				ENABLE_STRICT_OBJC_MSGSEND = YES;
				GCC_C_LANGUAGE_STANDARD = gnu99;
				GCC_NO_COMMON_BLOCKS = YES;
				GCC_WARN_64_TO_32_BIT_CONVERSION = YES;
				GCC_WARN_ABOUT_RETURN_TYPE = YES_ERROR;
				GCC_WARN_UNDECLARED_SELECTOR = YES;
				GCC_WARN_UNINITIALIZED_AUTOS = YES_AGGRESSIVE;
				GCC_WARN_UNUSED_FUNCTION = YES;
				GCC_WARN_UNUSED_VARIABLE = YES;
				IPHONEOS_DEPLOYMENT_TARGET = 9.3;
				MTL_ENABLE_DEBUG_INFO = NO;
				SDKROOT = iphoneos;
				VALIDATE_PRODUCT = YES;
			};
			name = Release;
		};
		2B5C0D2B1D6C820C00278761 /* Debug */ = {
			isa = XCBuildConfiguration;
			buildSettings = {
				ASSETCATALOG_COMPILER_APPICON_NAME = AppIcon;
				CODE_SIGN_IDENTITY = "iPhone Developer";
				INFOPLIST_FILE = AnimationMaker/Info.plist;
				LD_RUNPATH_SEARCH_PATHS = "$(inherited) @executable_path/Frameworks";
				PRODUCT_BUNDLE_IDENTIFIER = com.shadev.AnimationMaker;
				PRODUCT_NAME = "$(TARGET_NAME)";
			};
			name = Debug;
		};
		2B5C0D2C1D6C820C00278761 /* Release */ = {
			isa = XCBuildConfiguration;
			buildSettings = {
				ASSETCATALOG_COMPILER_APPICON_NAME = AppIcon;
				CODE_SIGN_IDENTITY = "iPhone Developer";
				INFOPLIST_FILE = AnimationMaker/Info.plist;
				LD_RUNPATH_SEARCH_PATHS = "$(inherited) @executable_path/Frameworks";
				PRODUCT_BUNDLE_IDENTIFIER = com.shadev.AnimationMaker;
				PRODUCT_NAME = "$(TARGET_NAME)";
			};
			name = Release;
		};
/* End XCBuildConfiguration section */

/* Begin XCConfigurationList section */
		2B5C0D0E1D6C820C00278761 /* Build configuration list for PBXProject "AnimationMaker" */ = {
			isa = XCConfigurationList;
			buildConfigurations = (
				2B5C0D281D6C820C00278761 /* Debug */,
				2B5C0D291D6C820C00278761 /* Release */,
			);
			defaultConfigurationIsVisible = 0;
			defaultConfigurationName = Release;
		};
		2B5C0D2A1D6C820C00278761 /* Build configuration list for PBXNativeTarget "AnimationMaker" */ = {
			isa = XCConfigurationList;
			buildConfigurations = (
				2B5C0D2B1D6C820C00278761 /* Debug */,
				2B5C0D2C1D6C820C00278761 /* Release */,
			);
			defaultConfigurationIsVisible = 0;
			defaultConfigurationName = Release;
		};
/* End XCConfigurationList section */
	};
	rootObject = 2B5C0D0B1D6C820C00278761 /* Project object */;
}
